
Microsoft Visual Studio Solution File, Format Version 12.00
# Visual Studio 2012
Project("{FAE04EC0-301F-11D3-BF4B-00C04F79EFBC}") = "MusicInstructor.Tests", "MusicInstructor.Tests\MusicInstructor.Tests.csproj", "{23868549-785A-41DC-854E-776F70603961}"
EndProject
Project("{2150E333-8FDC-42A3-9474-1A3956D46DE8}") = ".nuget", ".nuget", "{B4FF2B25-CCF7-4B31-AE36-6AC2CEA20233}"
	ProjectSection(SolutionItems) = preProject
		.nuget\packages.config = .nuget\packages.config
	EndProjectSection
EndProject
Project("{FAE04EC0-301F-11D3-BF4B-00C04F79EFBC}") = "MusicInstructor.Web", "MusicInstructor.Web\MusicInstructor.Web.csproj", "{E8760367-786D-48E7-8E92-EB846CC3EB18}"
EndProject
Project("{FAE04EC0-301F-11D3-BF4B-00C04F79EFBC}") = "MusicInstructor.Tests.Integration", "MusicInstructor.Tests.Integration\MusicInstructor.Tests.Integration.csproj", "{C069F8E9-8B35-4CF8-B18F-89AD8AF9C04E}"
EndProject
Global
	GlobalSection(SolutionConfigurationPlatforms) = preSolution
		Debug|Any CPU = Debug|Any CPU
		Integration|Any CPU = Integration|Any CPU
		Release|Any CPU = Release|Any CPU
	EndGlobalSection
	GlobalSection(ProjectConfigurationPlatforms) = postSolution
		{23868549-785A-41DC-854E-776F70603961}.Debug|Any CPU.ActiveCfg = Debug|Any CPU
		{23868549-785A-41DC-854E-776F70603961}.Debug|Any CPU.Build.0 = Debug|Any CPU
		{23868549-785A-41DC-854E-776F70603961}.Integration|Any CPU.ActiveCfg = Integration|Any CPU
		{23868549-785A-41DC-854E-776F70603961}.Integration|Any CPU.Build.0 = Integration|Any CPU
		{23868549-785A-41DC-854E-776F70603961}.Release|Any CPU.ActiveCfg = Release|Any CPU
		{23868549-785A-41DC-854E-776F70603961}.Release|Any CPU.Build.0 = Release|Any CPU
		{E8760367-786D-48E7-8E92-EB846CC3EB18}.Debug|Any CPU.ActiveCfg = Debug|Any CPU
		{E8760367-786D-48E7-8E92-EB846CC3EB18}.Debug|Any CPU.Build.0 = Debug|Any CPU
		{E8760367-786D-48E7-8E92-EB846CC3EB18}.Integration|Any CPU.ActiveCfg = Integration|Any CPU
		{E8760367-786D-48E7-8E92-EB846CC3EB18}.Integration|Any CPU.Build.0 = Integration|Any CPU
		{E8760367-786D-48E7-8E92-EB846CC3EB18}.Release|Any CPU.ActiveCfg = Release|Any CPU
		{E8760367-786D-48E7-8E92-EB846CC3EB18}.Release|Any CPU.Build.0 = Release|Any CPU
		{C069F8E9-8B35-4CF8-B18F-89AD8AF9C04E}.Debug|Any CPU.ActiveCfg = Debug|Any CPU
		{C069F8E9-8B35-4CF8-B18F-89AD8AF9C04E}.Debug|Any CPU.Build.0 = Debug|Any CPU
		{C069F8E9-8B35-4CF8-B18F-89AD8AF9C04E}.Integration|Any CPU.ActiveCfg = Release|Any CPU
		{C069F8E9-8B35-4CF8-B18F-89AD8AF9C04E}.Integration|Any CPU.Build.0 = Release|Any CPU
		{C069F8E9-8B35-4CF8-B18F-89AD8AF9C04E}.Release|Any CPU.ActiveCfg = Release|Any CPU
		{C069F8E9-8B35-4CF8-B18F-89AD8AF9C04E}.Release|Any CPU.Build.0 = Release|Any CPU
	EndGlobalSection
	GlobalSection(SolutionProperties) = preSolution
		HideSolutionNode = FALSE
	EndGlobalSection
EndGlobal
